set_global_assignment -name FAMILY "Stratix 10"
set_global_assignment -name DEVICE 1SG280LN2F43E2VG
set_global_assignment -name TOP_LEVEL_ENTITY pcie_dma
set_global_assignment -name ORIGINAL_QUARTUS_VERSION 23.3
set_global_assignment -name LAST_QUARTUS_VERSION "23.3.0 Pro Edition"
set_global_assignment -name PROJECT_OUTPUT_DIRECTORY output_files

# ---- 板卡电源/VID (与官方 blink 一致, 禁止改动; 无 CVP_CONFDONE 以便 JTAG 烧录) ----
set_global_assignment -name PWRMGT_SLAVE_DEVICE_TYPE OTHER
set_global_assignment -name PWRMGT_SLAVE_DEVICE0_ADDRESS 60
set_global_assignment -name PWRMGT_VOLTAGE_OUTPUT_FORMAT "DIRECT FORMAT"
set_global_assignment -name PWRMGT_DIRECT_FORMAT_COEFFICIENT_M 1
set_global_assignment -name PWRMGT_TRANSLATED_VOLTAGE_VALUE_UNIT MILLIVOLTS
set_global_assignment -name USE_PWRMGT_SCL SDM_IO14
set_global_assignment -name USE_PWRMGT_SDA SDM_IO11
set_global_assignment -name ACTIVE_SERIAL_CLOCK AS_FREQ_115MHZ_IOSC
set_global_assignment -name USE_CONF_DONE SDM_IO16
set_global_assignment -name USE_INIT_DONE SDM_IO0
set_global_assignment -name ON_CHIP_BITSTREAM_DECOMPRESSION ON

# ---- 设计文件 (hip_ast + Corundum TLP 栈 + AXI-Lite RAM, 不依赖 qsys 互连) ----
set_global_assignment -name IP_FILE ip/pcie.ip
set_global_assignment -name IP_FILE ip/reset_release.ip
set_global_assignment -name IP_FILE ip/iopll_100mhz.ip
set_global_assignment -name VERILOG_FILE H:/led_ctrl/05_corundum/corundum/fpga/lib/eth/lib/axis/rtl/sync_reset.v
set_global_assignment -name VERILOG_FILE pcie_dma_top.v
set_global_assignment -name SDC_FILE pcie_dma.sdc
# Corundum PCIe TLP 栈 (Avalon-ST -> TLP -> AXI-Lite)
set_global_assignment -name VERILOG_FILE H:/led_ctrl/05_corundum/corundum/fpga/lib/pcie/rtl/pcie_s10_if.v
set_global_assignment -name VERILOG_FILE H:/led_ctrl/05_corundum/corundum/fpga/lib/pcie/rtl/pcie_s10_if_rx.v
set_global_assignment -name VERILOG_FILE H:/led_ctrl/05_corundum/corundum/fpga/lib/pcie/rtl/pcie_s10_if_tx.v
set_global_assignment -name VERILOG_FILE H:/led_ctrl/05_corundum/corundum/fpga/lib/pcie/rtl/pcie_s10_cfg.v
set_global_assignment -name VERILOG_FILE H:/led_ctrl/05_corundum/corundum/fpga/lib/pcie/rtl/pcie_tlp_demux.v
set_global_assignment -name VERILOG_FILE H:/led_ctrl/05_corundum/corundum/fpga/lib/pcie/rtl/pcie_tlp_fifo.v
set_global_assignment -name VERILOG_FILE H:/led_ctrl/05_corundum/corundum/fpga/lib/pcie/rtl/pcie_tlp_fifo_mux.v
set_global_assignment -name VERILOG_FILE H:/led_ctrl/05_corundum/corundum/fpga/lib/pcie/rtl/pcie_tlp_fifo_raw.v
set_global_assignment -name VERILOG_FILE H:/led_ctrl/05_corundum/corundum/fpga/lib/pcie/rtl/pcie_tlp_fc_count.v
set_global_assignment -name VERILOG_FILE H:/led_ctrl/05_corundum/corundum/fpga/lib/pcie/rtl/pcie_axil_master_minimal.v
set_global_assignment -name SEARCH_PATH H:/led_ctrl/h264_xk264/rtl_fpga
set_global_assignment -name VERILOG_FILE ../rtl/axil_cdc.v
set_global_assignment -name VERILOG_FILE ../rtl/h264_wrap.v
set_global_assignment -name VERILOG_FILE ../rtl/h264_wrap_dc.v
set_global_assignment -name VERILOG_FILE ../rtl/h264_ext_mem.v
set_global_assignment -name VERILOG_FILE H:/led_ctrl/h264_xk264/mem_fpga/xk264_mem_fpga.v
set_global_assignment -name VERILOG_FILE H:/led_ctrl/h264_xk264/rtl_fpga/cavlc/BitStream_packer.v
set_global_assignment -name VERILOG_FILE H:/led_ctrl/h264_xk264/rtl_fpga/cavlc/Coeff_Sign_packer.v
set_global_assignment -name VERILOG_FILE H:/led_ctrl/h264_xk264/rtl_fpga/cavlc/Coeff_token_enc.v
set_global_assignment -name VERILOG_FILE H:/led_ctrl/h264_xk264/rtl_fpga/cavlc/Coeff_token_vlc0.v
set_global_assignment -name VERILOG_FILE H:/led_ctrl/h264_xk264/rtl_fpga/cavlc/Coeff_token_vlc1.v
set_global_assignment -name VERILOG_FILE H:/led_ctrl/h264_xk264/rtl_fpga/cavlc/Coeff_token_vlc2.v
set_global_assignment -name VERILOG_FILE H:/led_ctrl/h264_xk264/rtl_fpga/cavlc/Coeff_token_vlc_chromaDC.v
set_global_assignment -name VERILOG_FILE H:/led_ctrl/h264_xk264/rtl_fpga/cavlc/Delta_qp_enc.v
set_global_assignment -name VERILOG_FILE H:/led_ctrl/h264_xk264/rtl_fpga/cavlc/LevelCodeGen.v
set_global_assignment -name VERILOG_FILE H:/led_ctrl/h264_xk264/rtl_fpga/cavlc/MB_header_enc.v
set_global_assignment -name VERILOG_FILE H:/led_ctrl/h264_xk264/rtl_fpga/cavlc/MB_header_packer.v
set_global_assignment -name VERILOG_FILE H:/led_ctrl/h264_xk264/rtl_fpga/cavlc/NC_compute.v
set_global_assignment -name VERILOG_FILE H:/led_ctrl/h264_xk264/rtl_fpga/cavlc/Run_tab.v
set_global_assignment -name VERILOG_FILE H:/led_ctrl/h264_xk264/rtl_fpga/cavlc/TotalCoefZero.v
set_global_assignment -name VERILOG_FILE H:/led_ctrl/h264_xk264/rtl_fpga/cavlc/TotalZeros_enc.v
set_global_assignment -name VERILOG_FILE H:/led_ctrl/h264_xk264/rtl_fpga/cavlc/TotalZeros_tab.v
set_global_assignment -name VERILOG_FILE H:/led_ctrl/h264_xk264/rtl_fpga/cavlc/TrailingOne.v
set_global_assignment -name VERILOG_FILE H:/led_ctrl/h264_xk264/rtl_fpga/cavlc/Zeros_Run_packer.v
set_global_assignment -name VERILOG_FILE H:/led_ctrl/h264_xk264/rtl_fpga/cavlc/cavlc_top.v
set_global_assignment -name VERILOG_FILE H:/led_ctrl/h264_xk264/rtl_fpga/cavlc/cbp_enc.v
set_global_assignment -name VERILOG_FILE H:/led_ctrl/h264_xk264/rtl_fpga/cavlc/control_fsm.v
set_global_assignment -name VERILOG_FILE H:/led_ctrl/h264_xk264/rtl_fpga/cavlc/level_bit_packer.v
set_global_assignment -name VERILOG_FILE H:/led_ctrl/h264_xk264/rtl_fpga/cavlc/level_enc.v
set_global_assignment -name VERILOG_FILE H:/led_ctrl/h264_xk264/rtl_fpga/cavlc/level_run_buf.v
set_global_assignment -name VERILOG_FILE H:/led_ctrl/h264_xk264/rtl_fpga/cavlc/regLevel_buf.v
set_global_assignment -name VERILOG_FILE H:/led_ctrl/h264_xk264/rtl_fpga/cavlc/regRun_buf.v
set_global_assignment -name VERILOG_FILE H:/led_ctrl/h264_xk264/rtl_fpga/cavlc/run_enc.v
set_global_assignment -name VERILOG_FILE H:/led_ctrl/h264_xk264/rtl_fpga/db/bs.v
set_global_assignment -name VERILOG_FILE H:/led_ctrl/h264_xk264/rtl_fpga/db/chroma_pipeline.v
set_global_assignment -name VERILOG_FILE H:/led_ctrl/h264_xk264/rtl_fpga/db/db_control.v
set_global_assignment -name VERILOG_FILE H:/led_ctrl/h264_xk264/rtl_fpga/db/db_filter.v
set_global_assignment -name VERILOG_FILE H:/led_ctrl/h264_xk264/rtl_fpga/db/db_top.v
set_global_assignment -name VERILOG_FILE H:/led_ctrl/h264_xk264/rtl_fpga/db/luma_pipeline.v
set_global_assignment -name VERILOG_FILE H:/led_ctrl/h264_xk264/rtl_fpga/db/rom_alpha.v
set_global_assignment -name VERILOG_FILE H:/led_ctrl/h264_xk264/rtl_fpga/db/rom_beta.v
set_global_assignment -name VERILOG_FILE H:/led_ctrl/h264_xk264/rtl_fpga/db/rom_clip.v
set_global_assignment -name VERILOG_FILE H:/led_ctrl/h264_xk264/rtl_fpga/enc_defines.v
set_global_assignment -name VERILOG_FILE H:/led_ctrl/h264_xk264/rtl_fpga/fetch/fetch.v
set_global_assignment -name VERILOG_FILE H:/led_ctrl/h264_xk264/rtl_fpga/fetch/fetch_chroma.v
set_global_assignment -name VERILOG_FILE H:/led_ctrl/h264_xk264/rtl_fpga/fetch/fetch_db.v
set_global_assignment -name VERILOG_FILE H:/led_ctrl/h264_xk264/rtl_fpga/fetch/fetch_fme.v
set_global_assignment -name VERILOG_FILE H:/led_ctrl/h264_xk264/rtl_fpga/fetch/fetch_ime.v
set_global_assignment -name VERILOG_FILE H:/led_ctrl/h264_xk264/rtl_fpga/fetch/fetch_luma.v
set_global_assignment -name VERILOG_FILE H:/led_ctrl/h264_xk264/rtl_fpga/fme/fme_best_candidate.v
set_global_assignment -name VERILOG_FILE H:/led_ctrl/h264_xk264/rtl_fpga/fme/fme_ctrl.v
set_global_assignment -name VERILOG_FILE H:/led_ctrl/h264_xk264/rtl_fpga/fme/fme_datapath.v
set_global_assignment -name VERILOG_FILE H:/led_ctrl/h264_xk264/rtl_fpga/fme/fme_fetch.v
set_global_assignment -name VERILOG_FILE H:/led_ctrl/h264_xk264/rtl_fpga/fme/fme_interpolator_4pel.v
set_global_assignment -name VERILOG_FILE H:/led_ctrl/h264_xk264/rtl_fpga/fme/fme_load.v
set_global_assignment -name VERILOG_FILE H:/led_ctrl/h264_xk264/rtl_fpga/fme/fme_ram.v
set_global_assignment -name VERILOG_FILE H:/led_ctrl/h264_xk264/rtl_fpga/fme/fme_satd_gen_4x4.v
set_global_assignment -name VERILOG_FILE H:/led_ctrl/h264_xk264/rtl_fpga/fme/fme_satd_gen_double4xn.v
set_global_assignment -name VERILOG_FILE H:/led_ctrl/h264_xk264/rtl_fpga/fme/fme_top.v
set_global_assignment -name VERILOG_FILE H:/led_ctrl/h264_xk264/rtl_fpga/ime/ime_abs.v
set_global_assignment -name VERILOG_FILE H:/led_ctrl/h264_xk264/rtl_fpga/ime/ime_cost4x4.v
set_global_assignment -name VERILOG_FILE H:/led_ctrl/h264_xk264/rtl_fpga/ime/ime_costx16.v
set_global_assignment -name VERILOG_FILE H:/led_ctrl/h264_xk264/rtl_fpga/ime/ime_costx8.v
set_global_assignment -name VERILOG_FILE H:/led_ctrl/h264_xk264/rtl_fpga/ime/ime_ctrl.v
set_global_assignment -name VERILOG_FILE H:/led_ctrl/h264_xk264/rtl_fpga/ime/ime_min_cost.v
set_global_assignment -name VERILOG_FILE H:/led_ctrl/h264_xk264/rtl_fpga/ime/ime_mux.v
set_global_assignment -name VERILOG_FILE H:/led_ctrl/h264_xk264/rtl_fpga/ime/ime_mv_cost.v
set_global_assignment -name VERILOG_FILE H:/led_ctrl/h264_xk264/rtl_fpga/ime/ime_sad4x4.v
set_global_assignment -name VERILOG_FILE H:/led_ctrl/h264_xk264/rtl_fpga/ime/ime_sad4x4_pe.v
set_global_assignment -name VERILOG_FILE H:/led_ctrl/h264_xk264/rtl_fpga/ime/ime_sad_top.v
set_global_assignment -name VERILOG_FILE H:/led_ctrl/h264_xk264/rtl_fpga/ime/ime_sad_x16.v
set_global_assignment -name VERILOG_FILE H:/led_ctrl/h264_xk264/rtl_fpga/ime/ime_sad_x8.v
set_global_assignment -name VERILOG_FILE H:/led_ctrl/h264_xk264/rtl_fpga/ime/ime_top.v
set_global_assignment -name VERILOG_FILE H:/led_ctrl/h264_xk264/rtl_fpga/intra/intra_16x16_chroma_ctrl.v
set_global_assignment -name VERILOG_FILE H:/led_ctrl/h264_xk264/rtl_fpga/intra/intra_16x16_chroma_dc.v
set_global_assignment -name VERILOG_FILE H:/led_ctrl/h264_xk264/rtl_fpga/intra/intra_16x16_chroma_pe.v
set_global_assignment -name VERILOG_FILE H:/led_ctrl/h264_xk264/rtl_fpga/intra/intra_16x16_chroma_plane.v
set_global_assignment -name VERILOG_FILE H:/led_ctrl/h264_xk264/rtl_fpga/intra/intra_16x16_chroma_top.v
set_global_assignment -name VERILOG_FILE H:/led_ctrl/h264_xk264/rtl_fpga/intra/intra_4x4_ctrl.v
set_global_assignment -name VERILOG_FILE H:/led_ctrl/h264_xk264/rtl_fpga/intra/intra_4x4_pe.v
set_global_assignment -name VERILOG_FILE H:/led_ctrl/h264_xk264/rtl_fpga/intra/intra_4x4_pred_mode_gen.v
set_global_assignment -name VERILOG_FILE H:/led_ctrl/h264_xk264/rtl_fpga/intra/intra_4x4_top.v
set_global_assignment -name VERILOG_FILE H:/led_ctrl/h264_xk264/rtl_fpga/intra/intra_hadamard4x4.v
set_global_assignment -name VERILOG_FILE H:/led_ctrl/h264_xk264/rtl_fpga/intra/intra_lambda.v
set_global_assignment -name VERILOG_FILE H:/led_ctrl/h264_xk264/rtl_fpga/intra/intra_ref.v
set_global_assignment -name VERILOG_FILE H:/led_ctrl/h264_xk264/rtl_fpga/intra/intra_top.v
set_global_assignment -name VERILOG_FILE H:/led_ctrl/h264_xk264/rtl_fpga/mc/mc_chroma.v
set_global_assignment -name VERILOG_FILE H:/led_ctrl/h264_xk264/rtl_fpga/mc/mc_chroma_ip_2pel.v
set_global_assignment -name VERILOG_FILE H:/led_ctrl/h264_xk264/rtl_fpga/mc/mc_chroma_top.v
set_global_assignment -name VERILOG_FILE H:/led_ctrl/h264_xk264/rtl_fpga/mc/mc_core.v
set_global_assignment -name VERILOG_FILE H:/led_ctrl/h264_xk264/rtl_fpga/mc/mc_ip_4pel.v
set_global_assignment -name VERILOG_FILE H:/led_ctrl/h264_xk264/rtl_fpga/mc/mc_luma.v
set_global_assignment -name VERILOG_FILE H:/led_ctrl/h264_xk264/rtl_fpga/mc/mc_luma_top.v
set_global_assignment -name VERILOG_FILE H:/led_ctrl/h264_xk264/rtl_fpga/mc/mc_top.v
set_global_assignment -name VERILOG_FILE H:/led_ctrl/h264_xk264/rtl_fpga/mem/cavlc_ram_2p_36x120.v
set_global_assignment -name VERILOG_FILE H:/led_ctrl/h264_xk264/rtl_fpga/mem/db_ram_1p_128x8.v
set_global_assignment -name VERILOG_FILE H:/led_ctrl/h264_xk264/rtl_fpga/mem/db_ram_1p_28x480.v
set_global_assignment -name VERILOG_FILE H:/led_ctrl/h264_xk264/rtl_fpga/mem/fetch_ram_2p_128x16.v
set_global_assignment -name VERILOG_FILE H:/led_ctrl/h264_xk264/rtl_fpga/mem/fetch_ram_2p_128x64.v
set_global_assignment -name VERILOG_FILE H:/led_ctrl/h264_xk264/rtl_fpga/mem/fetch_ram_2p_64x144.v
set_global_assignment -name VERILOG_FILE H:/led_ctrl/h264_xk264/rtl_fpga/mem/fetch_ram_dp_128x48.v
set_global_assignment -name VERILOG_FILE H:/led_ctrl/h264_xk264/rtl_fpga/mem/fme_ram_2p_160x128.v
set_global_assignment -name VERILOG_FILE H:/led_ctrl/h264_xk264/rtl_fpga/mem/intra_ram_2p_128x120.v
set_global_assignment -name VERILOG_FILE H:/led_ctrl/h264_xk264/rtl_fpga/mem/intra_ram_2p_16x120.v
set_global_assignment -name VERILOG_FILE H:/led_ctrl/h264_xk264/rtl_fpga/mem/mv_ram_1p_16x480.v
set_global_assignment -name VERILOG_FILE H:/led_ctrl/h264_xk264/rtl_fpga/mem/mvd_ram_2p_18x32.v
set_global_assignment -name VERILOG_FILE H:/led_ctrl/h264_xk264/rtl_fpga/mem/tq_ram_2p_128x24.v
set_global_assignment -name VERILOG_FILE H:/led_ctrl/h264_xk264/rtl_fpga/mem/tq_ram_2p_128x32.v
set_global_assignment -name VERILOG_FILE H:/led_ctrl/h264_xk264/rtl_fpga/mem/tq_ram_dp_256x64.v
set_global_assignment -name VERILOG_FILE H:/led_ctrl/h264_xk264/rtl_fpga/top/bs_buf.v
set_global_assignment -name VERILOG_FILE H:/led_ctrl/h264_xk264/rtl_fpga/top/cur_mb.v
set_global_assignment -name VERILOG_FILE H:/led_ctrl/h264_xk264/rtl_fpga/top/mem_arbiter.v
set_global_assignment -name VERILOG_FILE H:/led_ctrl/h264_xk264/rtl_fpga/top/mvd_cmp.v
set_global_assignment -name VERILOG_FILE H:/led_ctrl/h264_xk264/rtl_fpga/top/top.v
set_global_assignment -name VERILOG_FILE H:/led_ctrl/h264_xk264/rtl_fpga/top/top_ctrl.v
set_global_assignment -name VERILOG_FILE H:/led_ctrl/h264_xk264/rtl_fpga/tq/tq_add_idct_pre.v
set_global_assignment -name VERILOG_FILE H:/led_ctrl/h264_xk264/rtl_fpga/tq/tq_dct4x4.v
set_global_assignment -name VERILOG_FILE H:/led_ctrl/h264_xk264/rtl_fpga/tq/tq_dequant2x2_dc.v
set_global_assignment -name VERILOG_FILE H:/led_ctrl/h264_xk264/rtl_fpga/tq/tq_dequant4x4.v
set_global_assignment -name VERILOG_FILE H:/led_ctrl/h264_xk264/rtl_fpga/tq/tq_dequant4x4_dc.v
set_global_assignment -name VERILOG_FILE H:/led_ctrl/h264_xk264/rtl_fpga/tq/tq_div6_c.v
set_global_assignment -name VERILOG_FILE H:/led_ctrl/h264_xk264/rtl_fpga/tq/tq_div6_l.v
set_global_assignment -name VERILOG_FILE H:/led_ctrl/h264_xk264/rtl_fpga/tq/tq_ht2x2.v
set_global_assignment -name VERILOG_FILE H:/led_ctrl/h264_xk264/rtl_fpga/tq/tq_ht4x4.v
set_global_assignment -name VERILOG_FILE H:/led_ctrl/h264_xk264/rtl_fpga/tq/tq_idct4x4.v
set_global_assignment -name VERILOG_FILE H:/led_ctrl/h264_xk264/rtl_fpga/tq/tq_iht2x2.v
set_global_assignment -name VERILOG_FILE H:/led_ctrl/h264_xk264/rtl_fpga/tq/tq_iht4x4.v
set_global_assignment -name VERILOG_FILE H:/led_ctrl/h264_xk264/rtl_fpga/tq/tq_mod6_c.v
set_global_assignment -name VERILOG_FILE H:/led_ctrl/h264_xk264/rtl_fpga/tq/tq_mod6_l.v
set_global_assignment -name VERILOG_FILE H:/led_ctrl/h264_xk264/rtl_fpga/tq/tq_quant2x2_dc.v
set_global_assignment -name VERILOG_FILE H:/led_ctrl/h264_xk264/rtl_fpga/tq/tq_quant4x4.v
set_global_assignment -name VERILOG_FILE H:/led_ctrl/h264_xk264/rtl_fpga/tq/tq_quant4x4_dc.v
set_global_assignment -name VERILOG_FILE H:/led_ctrl/h264_xk264/rtl_fpga/tq/tq_top.v
# 视频计算加速器 (替换 axil_ram 作为 BAR0 后端)

# ---- PCIe Gen3x8 引脚 (A-2020, lane 0..7; refclk AM34 HCSL; perst AC26) ----
set_location_assignment PIN_BB34 -to pcie_tx[0]
set_location_assignment PIN_BA36 -to pcie_tx[1]
set_location_assignment PIN_BB38 -to pcie_tx[2]
set_location_assignment PIN_AY38 -to pcie_tx[3]
set_location_assignment PIN_BA40 -to pcie_tx[4]
set_location_assignment PIN_AV38 -to pcie_tx[5]
set_location_assignment PIN_AW40 -to pcie_tx[6]
set_location_assignment PIN_AV42 -to pcie_tx[7]
set_location_assignment PIN_AV30 -to pcie_rx[0]
set_location_assignment PIN_AY30 -to pcie_rx[1]
set_location_assignment PIN_BB30 -to pcie_rx[2]
set_location_assignment PIN_AW32 -to pcie_rx[3]
set_location_assignment PIN_BA32 -to pcie_rx[4]
set_location_assignment PIN_AY34 -to pcie_rx[5]
set_location_assignment PIN_AU36 -to pcie_rx[6]
set_location_assignment PIN_AW36 -to pcie_rx[7]
set_location_assignment PIN_AM34 -to pcie_refclk
set_instance_assignment -name IO_STANDARD HCSL -to pcie_refclk
set_location_assignment PIN_AC26 -to pcie_perstn
set_instance_assignment -name IO_STANDARD "3.0-V LVTTL" -to pcie_perstn
set_location_assignment PIN_AD6 -to usr_refclk0
set_instance_assignment -name IO_STANDARD "1.8 V" -to usr_refclk0

# ---- 状态 LED (绿) ----
set_location_assignment PIN_V6 -to led_user_grn[0]
set_location_assignment PIN_V7 -to led_user_grn[1]
set_instance_assignment -name IO_STANDARD "1.8 V" -to led_user_grn[*]
set_global_assignment -name BOARD default
set_global_assignment -name VERILOG_MACRO "BIT_DEPTH=8"
